
Microsoft Visual Studio Solution File, Format Version 12.00
# Visual Studio Version 16
VisualStudioVersion = 16.0.31129.286
MinimumVisualStudioVersion = 10.0.40219.1
Project("{FAE04EC0-301F-11D3-BF4B-00C04F79EFBC}") = "TestAPI", "TestAPI\TestAPI.csproj", "{B5C50864-152C-47EA-95B1-24E5C6711E05}"
EndProject
Global
	GlobalSection(SolutionConfigurationPlatforms) = preSolution
		Debug|Any CPU = Debug|Any CPU
		Release|Any CPU = Release|Any CPU
	EndGlobalSection
	GlobalSection(ProjectConfigurationPlatforms) = postSolution
		{B5C50864-152C-47EA-95B1-24E5C6711E05}.Debug|Any CPU.ActiveCfg = Debug|Any CPU
		{B5C50864-152C-47EA-95B1-24E5C6711E05}.Debug|Any CPU.Build.0 = Debug|Any CPU
		{B5C50864-152C-47EA-95B1-24E5C6711E05}.Release|Any CPU.ActiveCfg = Release|Any CPU
		{B5C50864-152C-47EA-95B1-24E5C6711E05}.Release|Any CPU.Build.0 = Release|Any CPU
	EndGlobalSection
	GlobalSection(SolutionProperties) = preSolution
		HideSolutionNode = FALSE
	EndGlobalSection
	GlobalSection(ExtensibilityGlobals) = postSolution
		SolutionGuid = {BEF0E27A-E799-451D-B4DD-E43465B9E8EE}
	EndGlobalSection
EndGlobal
